# THIS IS AN AUTOGENERATED FILE. DO NOT EDIT THIS FILE DIRECTLY.
# yarn lockfile v1
addr-to-ip-port@^1.0.1, addr-to-ip-port@^1.4.2:
  version "1.4.2"
  resolved "https://registry.yarnpkg.com/addr-to-ip-port/-/addr-to-ip-port-1.4.2.tgz#7e46ff1f26b7a9f5e33fd839d57aef6303b4c692"

balanced-match@^0.4.1:
  version "0.4.2"
  resolved "https://registry.yarnpkg.com/balanced-match/-/balanced-match-0.4.2.tgz#cb3f3e3c732dc0f01ee70b403f302e61d7709838"

bencode@^0.11.0:
  version "0.11.0"
  resolved "https://registry.yarnpkg.com/bencode/-/bencode-0.11.0.tgz#7ea65d4ce00300393a43a92d5640b6fb0204dc64"

binary-search@^1.2.0:
  version "1.3.2"
  resolved "https://registry.yarnpkg.com/binary-search/-/binary-search-1.3.2.tgz#88c9b7bd2b7221d352da78ec887f5af2549e4de2"

bitfield@^1.0.1, bitfield@^1.1.2:
  version "1.1.2"
  resolved "https://registry.yarnpkg.com/bitfield/-/bitfield-1.1.2.tgz#a5477f00e33f2a76edc209aaf26bf09394a378cf"

bittorrent-dht@^7.0.0, bittorrent-dht@^7.2.2:
  version "7.4.1"
  resolved "https://registry.yarnpkg.com/bittorrent-dht/-/bittorrent-dht-7.4.1.tgz#5c687a35e38d999603a333bfbbe357992a354fc7"
  dependencies:
    bencode "^0.11.0"
    buffer-equals "^1.0.3"
    debug "^2.2.0"
    inherits "^2.0.1"
    k-bucket "^3.0.1"
    k-rpc "^4.0.0"
    lru "^3.1.0"
    safe-buffer "^5.0.1"

bittorrent-peerid@^1.0.2:
  version "1.1.1"
  resolved "https://registry.yarnpkg.com/bittorrent-peerid/-/bittorrent-peerid-1.1.1.tgz#910acd0a79029a8e4a852bbacfff59ef8e216bd8"

bittorrent-protocol@^2.1.5:
  version "2.2.0"
  resolved "https://registry.yarnpkg.com/bittorrent-protocol/-/bittorrent-protocol-2.2.0.tgz#283286a818ea99778f2d6181cd50d1fec4f73737"
  dependencies:
    bencode "^0.11.0"
    bitfield "^1.0.1"
    debug "^2.0.0"
    inherits "^2.0.1"
    randombytes "^2.0.3"
    readable-stream "^2.0.5"
    safe-buffer "^5.0.1"
    speedometer "^1.0.0"
    unordered-array-remove "^1.0.2"
    xtend "^4.0.0"

bittorrent-tracker@^8.0.0:
  version "8.5.0"
  resolved "https://registry.yarnpkg.com/bittorrent-tracker/-/bittorrent-tracker-8.5.0.tgz#a4f2b5257f0f58927102dfd56673a5c19f2f9f24"
  dependencies:
    bencode "^0.11.0"
    bittorrent-peerid "^1.0.2"
    bn.js "^4.4.0"
    compact2string "^1.2.0"
    debug "^2.0.0"
    inherits "^2.0.1"
    ip "^1.0.1"
    lru "^3.0.0"
    minimist "^1.1.1"
    once "^1.3.0"
    random-iterate "^1.0.1"
    randombytes "^2.0.3"
    run-parallel "^1.1.2"
    run-series "^1.0.2"
    safe-buffer "^5.0.0"
    simple-get "^2.0.0"
    simple-peer "^6.0.0"
    simple-websocket "^4.0.0"
    string2compact "^1.1.1"
    uniq "^1.0.1"
    unordered-array-remove "^1.0.2"
    ws "^1.0.0"
    xtend "^4.0.0"

blob-to-buffer@^1.2.6:
  version "1.2.6"
  resolved "https://registry.yarnpkg.com/blob-to-buffer/-/blob-to-buffer-1.2.6.tgz#089ac264c686b73ead6c539a484a8003bfbb2033"

block-stream2@^1.0.0:
  version "1.1.0"
  resolved "https://registry.yarnpkg.com/block-stream2/-/block-stream2-1.1.0.tgz#c738e3a91ba977ebb5e1fef431e13ca11d8639e2"
  dependencies:
    defined "^1.0.0"
    inherits "^2.0.1"
    readable-stream "^2.0.4"

bn.js@^4.4.0:
  version "4.11.6"
  resolved "https://registry.yarnpkg.com/bn.js/-/bn.js-4.11.6.tgz#53344adb14617a13f6e8dd2ce28905d1c0ba3215"

brace-expansion@^1.0.0:
  version "1.1.6"
  resolved "https://registry.yarnpkg.com/brace-expansion/-/brace-expansion-1.1.6.tgz#7197d7eaa9b87e648390ea61fc66c84427420df9"
  dependencies:
    balanced-match "^0.4.1"
    concat-map "0.0.1"

browserify-package-json@^1.0.0:
  version "1.0.1"
  resolved "https://registry.yarnpkg.com/browserify-package-json/-/browserify-package-json-1.0.1.tgz#98dde8aa5c561fd6d3fe49bbaa102b74b396fdea"

buffer-equals@^1.0.3:
  version "1.0.4"
  resolved "https://registry.yarnpkg.com/buffer-equals/-/buffer-equals-1.0.4.tgz#0353b54fd07fd9564170671ae6f66b9cf10d27f5"

buffer-shims@^1.0.0:
  version "1.0.0"
  resolved "https://registry.yarnpkg.com/buffer-shims/-/buffer-shims-1.0.0.tgz#9978ce317388c649ad8793028c3477ef044a8b51"

chunk-store-stream@^2.0.2:
  version "2.0.2"
  resolved "https://registry.yarnpkg.com/chunk-store-stream/-/chunk-store-stream-2.0.2.tgz#812c18e0cdbe33a2b19cf01083218baeb608d88d"
  dependencies:
    block-stream2 "^1.0.0"
    inherits "^2.0.1"
    readable-stream "^2.0.5"

closest-to@~2.0.0:
  version "2.0.0"
  resolved "https://registry.yarnpkg.com/closest-to/-/closest-to-2.0.0.tgz#bb2a860edb7769b62d04821748ae50da24dbefaa"

compact2string@^1.2.0:
  version "1.4.0"
  resolved "https://registry.yarnpkg.com/compact2string/-/compact2string-1.4.0.tgz#a99cd96ea000525684b269683ae2222d6eea7b49"
  dependencies:
    ipaddr.js ">= 0.1.5"

concat-map@0.0.1:
  version "0.0.1"
  resolved "https://registry.yarnpkg.com/concat-map/-/concat-map-0.0.1.tgz#d8a96bd77fd68df7793a73036a3ba0d5405d477b"

core-util-is@~1.0.0:
  version "1.0.2"
  resolved "https://registry.yarnpkg.com/core-util-is/-/core-util-is-1.0.2.tgz#b5fd54220aa2bc5ab57aab7140c940754503c1a7"

create-torrent@^3.24.5:
  version "3.28.0"
  resolved "https://registry.yarnpkg.com/create-torrent/-/create-torrent-3.28.0.tgz#b7816bca07689743f1ecfbd1210f5381b86037a1"
  dependencies:
    bencode "^0.11.0"
    block-stream2 "^1.0.0"
    filestream "^4.0.0"
    flatten "^1.0.2"
    is-file "^1.0.0"
    junk "^1.0.1"
    minimist "^1.1.0"
    multistream "^2.0.2"
    once "^1.3.0"
    piece-length "^1.0.0"
    readable-stream "^2.0.5"
    run-parallel "^1.0.0"
    simple-sha1 "^2.0.0"
    xtend "^4.0.1"

debug@^2.0.0, debug@^2.1.0, debug@^2.1.3, debug@^2.2.0, debug@^2.5.2:
  version "2.6.1"
  resolved "https://registry.yarnpkg.com/debug/-/debug-2.6.1.tgz#79855090ba2c4e3115cc7d8769491d58f0491351"
  dependencies:
    ms "0.7.2"

defined@^1.0.0:
  version "1.0.0"
  resolved "https://registry.yarnpkg.com/defined/-/defined-1.0.0.tgz#c98d9bcef75674188e110969151199e39b1fa693"

end-of-stream@^1.1.0:
  version "1.1.0"
  resolved "https://registry.yarnpkg.com/end-of-stream/-/end-of-stream-1.1.0.tgz#e9353258baa9108965efc41cb0ef8ade2f3cfb07"
  dependencies:
    once "~1.3.0"

env-paths:
  version "1.0.0"
  resolved "https://registry.yarnpkg.com/env-paths/-/env-paths-1.0.0.tgz#4168133b42bb05c38a35b1ae4397c8298ab369e0"

filestream@^4.0.0:
  version "4.1.3"
  resolved "https://registry.yarnpkg.com/filestream/-/filestream-4.1.3.tgz#948fcaade8221f715f5ecaddc54862faaacc9325"
  dependencies:
    inherits "^2.0.1"
    readable-stream "^2.0.5"
    typedarray-to-buffer "^3.0.0"
    xtend "^4.0.1"

flatten@^1.0.2:
  version "1.0.2"
  resolved "https://registry.yarnpkg.com/flatten/-/flatten-1.0.2.tgz#dae46a9d78fbe25292258cc1e780a41d95c03782"

fs-chunk-store@^1.6.2:
  version "1.6.4"
  resolved "https://registry.yarnpkg.com/fs-chunk-store/-/fs-chunk-store-1.6.4.tgz#5aa0025d58533118552e815f5986f39f93b06e69"
  dependencies:
    mkdirp "^0.5.1"
    random-access-file "^1.0.1"
    randombytes "^2.0.3"
    rimraf "^2.4.2"
    run-parallel "^1.1.2"
    thunky "^1.0.1"

fs.realpath@^1.0.0:
  version "1.0.0"
  resolved "https://registry.yarnpkg.com/fs.realpath/-/fs.realpath-1.0.0.tgz#1504ad2523158caa40db4a2787cb01411994ea4f"

get-browser-rtc@^1.0.0:
  version "1.0.2"
  resolved "https://registry.yarnpkg.com/get-browser-rtc/-/get-browser-rtc-1.0.2.tgz#bbcd40c8451a7ed4ef5c373b8169a409dd1d11d9"

get-stdin@^5.0.1:
  version "5.0.1"
  resolved "https://registry.yarnpkg.com/get-stdin/-/get-stdin-5.0.1.tgz#122e161591e21ff4c52530305693f20e6393a398"

glob@^7.0.5:
  version "7.1.1"
  resolved "https://registry.yarnpkg.com/glob/-/glob-7.1.1.tgz#805211df04faaf1c63a3600306cdf5ade50b2ec8"
  dependencies:
    fs.realpath "^1.0.0"
    inflight "^1.0.4"
    inherits "2"
    minimatch "^3.0.2"
    once "^1.3.0"
    path-is-absolute "^1.0.0"

graceful-fs@^4.1.6:
  version "4.1.11"
  resolved "https://registry.yarnpkg.com/graceful-fs/-/graceful-fs-4.1.11.tgz#0e8bdfe4d1ddb8854d64e04ea7c00e2a026e5658"

immediate-chunk-store@^1.0.8:
  version "1.0.8"
  resolved "https://registry.yarnpkg.com/immediate-chunk-store/-/immediate-chunk-store-1.0.8.tgz#0ecdad0c546332672d7b5b511b26bb18ce56e73f"

inflight@^1.0.4:
  version "1.0.6"
  resolved "https://registry.yarnpkg.com/inflight/-/inflight-1.0.6.tgz#49bd6331d7d02d0c09bc910a1075ba8165b56df9"
  dependencies:
    once "^1.3.0"
    wrappy "1"

inherits@^2.0.1, inherits@~2.0.1, inherits@2:
  version "2.0.3"
  resolved "https://registry.yarnpkg.com/inherits/-/inherits-2.0.3.tgz#633c2c83e3da42a502f52466022480f4208261de"

ip-set@^1.0.0:
  version "1.0.1"
  resolved "https://registry.yarnpkg.com/ip-set/-/ip-set-1.0.1.tgz#633b66d0bd6c8d0de968d053263c9120d3b6727e"
  dependencies:
    ip "^1.1.3"

ip@^1.0.1, ip@^1.1.3:
  version "1.1.4"
  resolved "https://registry.yarnpkg.com/ip/-/ip-1.1.4.tgz#de8247ffef940451832550fba284945e6e039bfb"

ipaddr.js@^1.0.1, "ipaddr.js@>= 0.1.5":
  version "1.2.0"
  resolved "https://registry.yarnpkg.com/ipaddr.js/-/ipaddr.js-1.2.0.tgz#8aba49c9192799585bdd643e0ccb50e8ae777ba4"

is-ascii@^1.0.0:
  version "1.0.0"
  resolved "https://registry.yarnpkg.com/is-ascii/-/is-ascii-1.0.0.tgz#f02ad0259a0921cd199ff21ce1b09e0f6b4e3929"

is-file@^1.0.0:
  version "1.0.0"
  resolved "https://registry.yarnpkg.com/is-file/-/is-file-1.0.0.tgz#28a44cfbd9d3db193045f22b65fce8edf9620596"

is-typedarray@^1.0.0:
  version "1.0.0"
  resolved "https://registry.yarnpkg.com/is-typedarray/-/is-typedarray-1.0.0.tgz#e479c80858df0c1b11ddda6940f96011fcda4a9a"

isarray@~1.0.0:
  version "1.0.0"
  resolved "https://registry.yarnpkg.com/isarray/-/isarray-1.0.0.tgz#bb935d48582cba168c06834957a54a3e07124f11"

jsonfile-promised:
  version "0.0.1"
  resolved "https://registry.yarnpkg.com/jsonfile-promised/-/jsonfile-promised-0.0.1.tgz#5c8bafc055c3cc93a7413eb8d62634eaa4de54b8"
  dependencies:
    jsonfile "^2.3.1"

jsonfile@^2.3.1:
  version "2.4.0"
  resolved "https://registry.yarnpkg.com/jsonfile/-/jsonfile-2.4.0.tgz#3736a2b428b87bbda0cc83b53fa3d633a35c2ae8"
  optionalDependencies:
    graceful-fs "^4.1.6"

junk@^1.0.1:
  version "1.0.3"
  resolved "https://registry.yarnpkg.com/junk/-/junk-1.0.3.tgz#87be63488649cbdca6f53ab39bec9ccd2347f592"

k-bucket@^3.0.1:
  version "3.2.1"
  resolved "https://registry.yarnpkg.com/k-bucket/-/k-bucket-3.2.1.tgz#200d07f02013436ed67265950ec98f62bb292f62"
  dependencies:
    buffer-equals "^1.0.3"
    inherits "^2.0.1"
    randombytes "^2.0.3"

k-rpc-socket@^1.5.0:
  version "1.6.2"
  resolved "https://registry.yarnpkg.com/k-rpc-socket/-/k-rpc-socket-1.6.2.tgz#5c9e9f34a058f43ffe6512354d98957a41694f21"
  dependencies:
    bencode "^0.11.0"

k-rpc@^4.0.0:
  version "4.0.2"
  resolved "https://registry.yarnpkg.com/k-rpc/-/k-rpc-4.0.2.tgz#c5363d5c59a0f171be0364f6683a4735e7ce6baa"
  dependencies:
    buffer-equals "^1.0.3"
    k-bucket "^3.0.1"
    k-rpc-socket "^1.5.0"

load-ip-set@^1.2.7:
  version "1.3.0"
  resolved "https://registry.yarnpkg.com/load-ip-set/-/load-ip-set-1.3.0.tgz#ec6f36e4c9736370e3b6a26989e312e1876c65aa"
  dependencies:
    ip-set "^1.0.0"
    netmask "^1.0.6"
    once "^1.3.0"
    simple-get "^2.0.0"
    split "^1.0.0"

lodash.isequal:
  version "4.5.0"
  resolved "https://registry.yarnpkg.com/lodash.isequal/-/lodash.isequal-4.5.0.tgz#415c4478f2bcc30120c22ce10ed3226f7d3e18e0"

lodash.valuesin:
  version "4.3.0"
  resolved "https://registry.yarnpkg.com/lodash.valuesin/-/lodash.valuesin-4.3.0.tgz#dd07f1ad19b78158b482953dc44afbd82f0c7763"

lru@^3.0.0, lru@^3.1.0:
  version "3.1.0"
  resolved "https://registry.yarnpkg.com/lru/-/lru-3.1.0.tgz#ea7fb8546d83733396a13091d76cfeb4c06837d5"
  dependencies:
    inherits "^2.0.1"

magnet-uri@^5.1.3:
  version "5.1.5"
  resolved "https://registry.yarnpkg.com/magnet-uri/-/magnet-uri-5.1.5.tgz#be6abbf2648796c6d6e36e66416f7e0feecf2df8"
  dependencies:
    thirty-two "^1.0.1"
    uniq "^1.0.1"
    xtend "^4.0.0"

mediasource@^2.0.0, mediasource@^2.1.0:
  version "2.1.3"
  resolved "https://registry.yarnpkg.com/mediasource/-/mediasource-2.1.3.tgz#27a9c1aac51bfb6eba96af2d13a84d0b2a8eac68"
  dependencies:
    inherits "^2.0.1"
    readable-stream "^2.0.5"
    to-arraybuffer "^1.0.1"

memory-chunk-store@^1.2.0:
  version "1.2.0"
  resolved "https://registry.yarnpkg.com/memory-chunk-store/-/memory-chunk-store-1.2.0.tgz#c8fb00528242eb3c44afd74b33e6b40c37b6eca0"

mime, mime@^1.3.4:
  version "1.3.4"
  resolved "https://registry.yarnpkg.com/mime/-/mime-1.3.4.tgz#115f9e3b6b3daf2959983cb38f149a2d40eb5d53"

minimatch@^3.0.2:
  version "3.0.3"
  resolved "https://registry.yarnpkg.com/minimatch/-/minimatch-3.0.3.tgz#2a4e4090b96b2db06a9d7df01055a62a77c9b774"
  dependencies:
    brace-expansion "^1.0.0"

minimist@^1.1.0, minimist@^1.1.1:
  version "1.2.0"
  resolved "https://registry.yarnpkg.com/minimist/-/minimist-1.2.0.tgz#a35008b20f41383eec1fb914f4cd5df79a264284"

minimist@0.0.8:
  version "0.0.8"
  resolved "https://registry.yarnpkg.com/minimist/-/minimist-0.0.8.tgz#857fcabfc3397d2625b8228262e86aa7a011b05d"

mkdirp@^0.5.1:
  version "0.5.1"
  resolved "https://registry.yarnpkg.com/mkdirp/-/mkdirp-0.5.1.tgz#30057438eac6cf7f8c4767f38648d6697d75c903"
  dependencies:
    minimist "0.0.8"

mp4-box-encoding@^1.1.0, mp4-box-encoding@^1.1.1:
  version "1.1.2"
  resolved "https://registry.yarnpkg.com/mp4-box-encoding/-/mp4-box-encoding-1.1.2.tgz#39850ee05ba5370460070b3a2acbd07616e2d831"
  dependencies:
    uint64be "^1.0.1"

mp4-stream@^2.0.0:
  version "2.0.2"
  resolved "https://registry.yarnpkg.com/mp4-stream/-/mp4-stream-2.0.2.tgz#34161ba2d9b608733b4b2247edf3780ba2c47ec5"
  dependencies:
    inherits "^2.0.1"
    mp4-box-encoding "^1.1.0"
    next-event "^1.0.0"
    readable-stream "^2.0.3"

ms@0.7.2:
  version "0.7.2"
  resolved "https://registry.yarnpkg.com/ms/-/ms-0.7.2.tgz#ae25cf2512b3885a1d95d7f037868d8431124765"

multistream@^2.0.2, multistream@^2.0.5:
  version "2.1.0"
  resolved "https://registry.yarnpkg.com/multistream/-/multistream-2.1.0.tgz#625c267d5c44424ad6294788b5bb4da3dcb32f1d"
  dependencies:
    inherits "^2.0.1"
    readable-stream "^2.0.5"

netmask@^1.0.6:
  version "1.0.6"
  resolved "https://registry.yarnpkg.com/netmask/-/netmask-1.0.6.tgz#20297e89d86f6f6400f250d9f4f6b4c1945fcd35"

next-event@^1.0.0:
  version "1.0.0"
  resolved "https://registry.yarnpkg.com/next-event/-/next-event-1.0.0.tgz#e7778acde2e55802e0ad1879c39cf6f75eda61d8"

once@^1.3.0, once@^1.3.1, once@^1.3.3:
  version "1.4.0"
  resolved "https://registry.yarnpkg.com/once/-/once-1.4.0.tgz#583b1aa775961d4b113ac17d9c50baef9dd76bd1"
  dependencies:
    wrappy "1"

once@~1.3.0:
  version "1.3.3"
  resolved "https://registry.yarnpkg.com/once/-/once-1.3.3.tgz#b2e261557ce4c314ec8304f3fa82663e4297ca20"
  dependencies:
    wrappy "1"

options@>=0.0.5:
  version "0.0.6"
  resolved "https://registry.yarnpkg.com/options/-/options-0.0.6.tgz#ec22d312806bb53e731773e7cdaefcf1c643128f"

package-json-versionify@^1.0.2:
  version "1.0.4"
  resolved "https://registry.yarnpkg.com/package-json-versionify/-/package-json-versionify-1.0.4.tgz#5860587a944873a6b7e6d26e8e51ffb22315bf17"
  dependencies:
    browserify-package-json "^1.0.0"

parse-torrent, parse-torrent@^5.8.0:
  version "5.8.1"
  resolved "https://registry.yarnpkg.com/parse-torrent/-/parse-torrent-5.8.1.tgz#29452b9eae4a1b497f12e580c1cf6fa9682e5c68"
  dependencies:
    blob-to-buffer "^1.2.6"
    get-stdin "^5.0.1"
    magnet-uri "^5.1.3"
    parse-torrent-file "^4.0.0"
    simple-get "^2.0.0"

parse-torrent-file, parse-torrent-file@^4.0.0:
  version "4.0.1"
  resolved "https://registry.yarnpkg.com/parse-torrent-file/-/parse-torrent-file-4.0.1.tgz#4580c5ebb3f6e607baa02ef0ace51f627859e699"
  dependencies:
    bencode "^0.11.0"
    simple-sha1 "^2.0.0"
    uniq "^1.0.1"

path-is-absolute@^1.0.0:
  version "1.0.1"
  resolved "https://registry.yarnpkg.com/path-is-absolute/-/path-is-absolute-1.0.1.tgz#174b9268735534ffbc7ace6bf53a5a9e1b5c5f5f"

piece-length@^1.0.0:
  version "1.0.0"
  resolved "https://registry.yarnpkg.com/piece-length/-/piece-length-1.0.0.tgz#4db7167157fd69fef14caf7262cd39f189b24508"
  dependencies:
    closest-to "~2.0.0"

process-nextick-args@~1.0.6:
  version "1.0.7"
  resolved "https://registry.yarnpkg.com/process-nextick-args/-/process-nextick-args-1.0.7.tgz#150e20b756590ad3f91093f25a4f2ad8bff30ba3"

pump, pump@^1.0.1:
  version "1.0.2"
  resolved "https://registry.yarnpkg.com/pump/-/pump-1.0.2.tgz#3b3ee6512f94f0e575538c17995f9f16990a5d51"
  dependencies:
    end-of-stream "^1.1.0"
    once "^1.3.1"

random-access-file@^1.0.1:
  version "1.5.0"
  resolved "https://registry.yarnpkg.com/random-access-file/-/random-access-file-1.5.0.tgz#dc1b137e5922c203cc6bc8b58564be68d5269a17"
  dependencies:
    debug "^2.5.2"
    inherits "^2.0.1"
    mkdirp "^0.5.1"
    thunky "^1.0.1"

random-iterate@^1.0.1:
  version "1.0.1"
  resolved "https://registry.yarnpkg.com/random-iterate/-/random-iterate-1.0.1.tgz#f7d97d92dee6665ec5f6da08c7f963cad4b2ac99"

randombytes@^2.0.3:
  version "2.0.3"
  resolved "https://registry.yarnpkg.com/randombytes/-/randombytes-2.0.3.tgz#674c99760901c3c4112771a31e521dc349cc09ec"

range-parser, range-parser@^1.2.0:
  version "1.2.0"
  resolved "https://registry.yarnpkg.com/range-parser/-/range-parser-1.2.0.tgz#f49be6b487894ddc40dcc94a322f611092e00d5e"

range-slice-stream@^1.2.0:
  version "1.2.0"
  resolved "https://registry.yarnpkg.com/range-slice-stream/-/range-slice-stream-1.2.0.tgz#01ba954276052b783900e63d6118d8fcf3875d7f"
  dependencies:
    inherits "^2.0.1"
    readable-stream "^2.0.5"

readable-stream@^2.0.3, readable-stream@^2.0.4, readable-stream@^2.0.5, readable-stream@^2.1.4:
  version "2.2.2"
  resolved "https://registry.yarnpkg.com/readable-stream/-/readable-stream-2.2.2.tgz#a9e6fec3c7dda85f8bb1b3ba7028604556fc825e"
  dependencies:
    buffer-shims "^1.0.0"
    core-util-is "~1.0.0"
    inherits "~2.0.1"
    isarray "~1.0.0"
    process-nextick-args "~1.0.6"
    string_decoder "~0.10.x"
    util-deprecate "~1.0.1"

render-media@^2.8.0:
  version "2.9.1"
  resolved "https://registry.yarnpkg.com/render-media/-/render-media-2.9.1.tgz#80423957156ec10aa73223817afa60932f16e369"
  dependencies:
    debug "^2.2.0"
    is-ascii "^1.0.0"
    mediasource "^2.1.0"
    stream-to-blob-url "^2.0.0"
    videostream "^2.3.0"

rimraf@^2.4.2:
  version "2.5.4"
  resolved "https://registry.yarnpkg.com/rimraf/-/rimraf-2.5.4.tgz#96800093cbf1a0c86bd95b4625467535c29dfa04"
  dependencies:
    glob "^7.0.5"

run-parallel-limit@^1.0.3:
  version "1.0.3"
  resolved "https://registry.yarnpkg.com/run-parallel-limit/-/run-parallel-limit-1.0.3.tgz#6c3930cc7c0b47d35ae7420109f660aade2401e3"

run-parallel@^1.0.0, run-parallel@^1.1.2, run-parallel@^1.1.6:
  version "1.1.6"
  resolved "https://registry.yarnpkg.com/run-parallel/-/run-parallel-1.1.6.tgz#29003c9a2163e01e2d2dfc90575f2c6c1d61a039"

run-series@^1.0.2:
  version "1.1.4"
  resolved "https://registry.yarnpkg.com/run-series/-/run-series-1.1.4.tgz#89a73ddc5e75c9ef8ab6320c0a1600d6a41179b9"

rusha@^0.8.1:
  version "0.8.5"
  resolved "https://registry.yarnpkg.com/rusha/-/rusha-0.8.5.tgz#a30ae9bd5a4e80fbc96fbe7a13232b944be24f84"

safe-buffer@^5.0.0, safe-buffer@^5.0.1:
  version "5.0.1"
  resolved "https://registry.yarnpkg.com/safe-buffer/-/safe-buffer-5.0.1.tgz#d263ca54696cd8a306b5ca6551e92de57918fbe7"

simple-concat@^1.0.0:
  version "1.0.0"
  resolved "https://registry.yarnpkg.com/simple-concat/-/simple-concat-1.0.0.tgz#7344cbb8b6e26fb27d66b2fc86f9f6d5997521c6"

simple-get@^2.0.0, simple-get@^2.2.1:
  version "2.4.0"
  resolved "https://registry.yarnpkg.com/simple-get/-/simple-get-2.4.0.tgz#31ae7478ea0042b107c743a5af657333d778f7c2"
  dependencies:
    once "^1.3.1"
    simple-concat "^1.0.0"
    unzip-response "^2.0.1"

simple-peer@^6.0.0, simple-peer@^6.0.4:
  version "6.3.0"
  resolved "https://registry.yarnpkg.com/simple-peer/-/simple-peer-6.3.0.tgz#c8ce9d2b37a393c524e8ca212bd6aadff601f193"
  dependencies:
    debug "^2.1.0"
    get-browser-rtc "^1.0.0"
    inherits "^2.0.1"
    randombytes "^2.0.3"
    readable-stream "^2.0.5"

simple-sha1@^2.0.0, simple-sha1@^2.0.8:
  version "2.1.0"
  resolved "https://registry.yarnpkg.com/simple-sha1/-/simple-sha1-2.1.0.tgz#9427bb96ff1263cc10a8414cedd51a18b919e8b3"
  dependencies:
    rusha "^0.8.1"

simple-websocket@^4.0.0:
  version "4.3.1"
  resolved "https://registry.yarnpkg.com/simple-websocket/-/simple-websocket-4.3.1.tgz#5d3d5751bb39aeba2f710d8eec78768df821f38d"
  dependencies:
    debug "^2.1.3"
    inherits "^2.0.1"
    randombytes "^2.0.3"
    readable-stream "^2.0.5"
    ws "^2.0.0"
    xtend "^4.0.1"

speedometer@^1.0.0:
  version "1.0.0"
  resolved "https://registry.yarnpkg.com/speedometer/-/speedometer-1.0.0.tgz#cd671cb06752c22bca3370e2f334440be4fc62e2"

split@^1.0.0:
  version "1.0.0"
  resolved "https://registry.yarnpkg.com/split/-/split-1.0.0.tgz#c4395ce683abcd254bc28fe1dabb6e5c27dcffae"
  dependencies:
    through "2"

stream-to-blob-url@^2.0.0, stream-to-blob-url@^2.1.0:
  version "2.1.0"
  resolved "https://registry.yarnpkg.com/stream-to-blob-url/-/stream-to-blob-url-2.1.0.tgz#c341d10502ec51250607327258ec2f586b07d626"
  dependencies:
    stream-to-blob "^1.0.0"

stream-to-blob@^1.0.0:
  version "1.0.0"
  resolved "https://registry.yarnpkg.com/stream-to-blob/-/stream-to-blob-1.0.0.tgz#9f7a1ada39e16ea282ebb7e4cda307edabde658d"
  dependencies:
    once "^1.3.3"

stream-with-known-length-to-buffer@^1.0.0:
  version "1.0.0"
  resolved "https://registry.yarnpkg.com/stream-with-known-length-to-buffer/-/stream-with-known-length-to-buffer-1.0.0.tgz#7e61534115b5c36086390eb5d7a8c636149511f5"
  dependencies:
    once "^1.3.3"

string_decoder@~0.10.x:
  version "0.10.31"
  resolved "https://registry.yarnpkg.com/string_decoder/-/string_decoder-0.10.31.tgz#62e203bc41766c6c28c9fc84301dab1c5310fa94"

string2compact@^1.1.1:
  version "1.2.2"
  resolved "https://registry.yarnpkg.com/string2compact/-/string2compact-1.2.2.tgz#420b3a9ee1c46854919b4a2aeac65c43fa50597b"
  dependencies:
    addr-to-ip-port "^1.0.1"
    ipaddr.js "^1.0.1"

thirty-two@^1.0.1:
  version "1.0.2"
  resolved "https://registry.yarnpkg.com/thirty-two/-/thirty-two-1.0.2.tgz#4ca2fffc02a51290d2744b9e3f557693ca6b627a"

through@2:
  version "2.3.8"
  resolved "https://registry.yarnpkg.com/through/-/through-2.3.8.tgz#0dd4c9ffaabc357960b1b724115d7e0e86a2e1f5"

thunky@^1.0.1:
  version "1.0.2"
  resolved "https://registry.yarnpkg.com/thunky/-/thunky-1.0.2.tgz#a862e018e3fb1ea2ec3fce5d55605cf57f247371"

to-arraybuffer@^1.0.1:
  version "1.0.1"
  resolved "https://registry.yarnpkg.com/to-arraybuffer/-/to-arraybuffer-1.0.1.tgz#7d229b1fcc637e466ca081180836a7aabff83f43"

torrent-discovery@^8.1.0:
  version "8.2.0"
  resolved "https://registry.yarnpkg.com/torrent-discovery/-/torrent-discovery-8.2.0.tgz#fd2b76aeb86070585d747703f08c23b903b3aae5"
  dependencies:
    bittorrent-dht "^7.0.0"
    bittorrent-tracker "^8.0.0"
    debug "^2.0.0"
    inherits "^2.0.1"
    run-parallel "^1.1.2"
    xtend "^4.0.1"

torrent-piece@^1.1.0:
  version "1.1.0"
  resolved "https://registry.yarnpkg.com/torrent-piece/-/torrent-piece-1.1.0.tgz#dd3ae8dba3e58df5c9ed3457c055177849d82854"

typedarray-to-buffer@^3.0.0:
  version "3.1.2"
  resolved "https://registry.yarnpkg.com/typedarray-to-buffer/-/typedarray-to-buffer-3.1.2.tgz#1017b32d984ff556eba100f501589aba1ace2e04"
  dependencies:
    is-typedarray "^1.0.0"

uint64be@^1.0.1:
  version "1.0.1"
  resolved "https://registry.yarnpkg.com/uint64be/-/uint64be-1.0.1.tgz#1f7154202f2a1b8af353871dda651bf34ce93e95"

ultron@~1.1.0:
  version "1.1.0"
  resolved "https://registry.yarnpkg.com/ultron/-/ultron-1.1.0.tgz#b07a2e6a541a815fc6a34ccd4533baec307ca864"

ultron@1.0.x:
  version "1.0.2"
  resolved "https://registry.yarnpkg.com/ultron/-/ultron-1.0.2.tgz#ace116ab557cd197386a4e88f4685378c8b2e4fa"

uniq@^1.0.1:
  version "1.0.1"
  resolved "https://registry.yarnpkg.com/uniq/-/uniq-1.0.1.tgz#b31c5ae8254844a3a8281541ce2b04b865a734ff"

unordered-array-remove, unordered-array-remove@^1.0.2:
  version "1.0.2"
  resolved "https://registry.yarnpkg.com/unordered-array-remove/-/unordered-array-remove-1.0.2.tgz#c546e8f88e317a0cf2644c97ecb57dba66d250ef"

unzip-response@^2.0.1:
  version "2.0.1"
  resolved "https://registry.yarnpkg.com/unzip-response/-/unzip-response-2.0.1.tgz#d2f0f737d16b0615e72a6935ed04214572d56f97"

ut_metadata@^3.0.8:
  version "3.0.9"
  resolved "https://registry.yarnpkg.com/ut_metadata/-/ut_metadata-3.0.9.tgz#a795906093d88347cdc1351a4756d48929bb3829"
  dependencies:
    bencode "^0.11.0"
    bitfield "^1.0.1"
    debug "^2.2.0"
    inherits "^2.0.1"
    safe-buffer "^5.0.1"
    simple-sha1 "^2.0.0"

ut_pex@^1.1.1:
  version "1.1.3"
  resolved "https://registry.yarnpkg.com/ut_pex/-/ut_pex-1.1.3.tgz#3097e955574ef357029040780ac2d1e5509c8754"
  dependencies:
    bencode "^0.11.0"
    compact2string "^1.2.0"
    inherits "^2.0.1"
    string2compact "^1.1.1"

util-deprecate@~1.0.1:
  version "1.0.2"
  resolved "https://registry.yarnpkg.com/util-deprecate/-/util-deprecate-1.0.2.tgz#450d4dc9fa70de732762fbd2d4a28981419a0ccf"

videostream@^2.3.0:
  version "2.4.2"
  resolved "https://registry.yarnpkg.com/videostream/-/videostream-2.4.2.tgz#9560254d00fabdc40955c1a3c282057d8db1d115"
  dependencies:
    binary-search "^1.2.0"
    inherits "^2.0.1"
    mediasource "^2.0.0"
    mp4-box-encoding "^1.1.1"
    mp4-stream "^2.0.0"
    multistream "^2.0.2"
    pump "^1.0.1"
    range-slice-stream "^1.2.0"

webtorrent:
  version "0.98.8"
  resolved "https://registry.yarnpkg.com/webtorrent/-/webtorrent-0.98.8.tgz#7adfdca2090b54930eeec365865ec1ecb915d785"
  dependencies:
    addr-to-ip-port "^1.4.2"
    bitfield "^1.1.2"
    bittorrent-dht "^7.2.2"
    bittorrent-protocol "^2.1.5"
    chunk-store-stream "^2.0.2"
    create-torrent "^3.24.5"
    debug "^2.2.0"
    end-of-stream "^1.1.0"
    fs-chunk-store "^1.6.2"
    immediate-chunk-store "^1.0.8"
    inherits "^2.0.1"
    load-ip-set "^1.2.7"
    memory-chunk-store "^1.2.0"
    mime "^1.3.4"
    multistream "^2.0.5"
    package-json-versionify "^1.0.2"
    parse-torrent "^5.8.0"
    pump "^1.0.1"
    random-iterate "^1.0.1"
    randombytes "^2.0.3"
    range-parser "^1.2.0"
    readable-stream "^2.1.4"
    render-media "^2.8.0"
    run-parallel "^1.1.6"
    run-parallel-limit "^1.0.3"
    safe-buffer "^5.0.1"
    simple-concat "^1.0.0"
    simple-get "^2.2.1"
    simple-peer "^6.0.4"
    simple-sha1 "^2.0.8"
    speedometer "^1.0.0"
    stream-to-blob "^1.0.0"
    stream-to-blob-url "^2.1.0"
    stream-with-known-length-to-buffer "^1.0.0"
    torrent-discovery "^8.1.0"
    torrent-piece "^1.1.0"
    uniq "^1.0.1"
    unordered-array-remove "^1.0.2"
    ut_metadata "^3.0.8"
    ut_pex "^1.1.1"
    xtend "^4.0.1"
    zero-fill "^2.2.3"

wrappy@1:
  version "1.0.2"
  resolved "https://registry.yarnpkg.com/wrappy/-/wrappy-1.0.2.tgz#b5243d8f3ec1aa35f1364605bc0d1036e30ab69f"

ws@^1.0.0:
  version "1.1.2"
  resolved "https://registry.yarnpkg.com/ws/-/ws-1.1.2.tgz#8a244fa052401e08c9886cf44a85189e1fd4067f"
  dependencies:
    options ">=0.0.5"
    ultron "1.0.x"

ws@^2.0.0:
  version "2.0.3"
  resolved "https://registry.yarnpkg.com/ws/-/ws-2.0.3.tgz#532fd499c3f7d7d720e543f1f807106cfc57d9cb"
  dependencies:
    ultron "~1.1.0"

xtend@^4.0.0, xtend@^4.0.1:
  version "4.0.1"
  resolved "https://registry.yarnpkg.com/xtend/-/xtend-4.0.1.tgz#a5c6d532be656e23db820efb943a1f04998d63af"

zero-fill@^2.2.3:
  version "2.2.3"
  resolved "https://registry.yarnpkg.com/zero-fill/-/zero-fill-2.2.3.tgz#a3def06ba5e39ae644850bb4ca2ad4112b4855e9"

